<?xml version="1.0" encoding="utf-8"?>
<Project ToolsVersion="4.0" xmlns="http://schemas.microsoft.com/developer/msbuild/2003">
  <ItemGroup>
    <ClCompile Include="smart_glove.cpp" />
    <ClCompile Include="..\src\calibration.cpp">
      <Filter>Calib</Filter>
    </ClCompile>
    <ClCompile Include="..\src\CalibrationReader.cpp">
      <Filter>Calib</Filter>
    </ClCompile>
    <ClCompile Include="..\src\SingleCalibration.cpp">
      <Filter>Calib</Filter>
    </ClCompile>
    <ClCompile Include="..\src\StereoCalibration.cpp">
      <Filter>Calib</Filter>
    </ClCompile>
    <ClCompile Include="..\src\ControlDisplayedObjects.cpp">
      <Filter>ControlDisplayedObjects</Filter>
    </ClCompile>
    <ClCompile Include="..\src\MatchFeatures.cpp">
      <Filter>MatchFeatures</Filter>
    </ClCompile>
    <ClCompile Include="..\src\TrackingByMatching.cpp">
      <Filter>TrackingByMatching</Filter>
    </ClCompile>
    <ClCompile Include="..\src\DnnDetector.cpp">
      <Filter>Detector</Filter>
    </ClCompile>
  </ItemGroup>
  <ItemGroup>
    <Filter Include="TrackingByMatching">
      <UniqueIdentifier>{b08dcdff-dabf-482f-92c4-bf3b8c4921a4}</UniqueIdentifier>
    </Filter>
    <Filter Include="Calib">
      <UniqueIdentifier>{89c3a26d-0f9d-47fa-80ed-514a9190de76}</UniqueIdentifier>
    </Filter>
    <Filter Include="ControlDisplayedObjects">
      <UniqueIdentifier>{4e5e67a6-e3da-4ae4-94e5-cb0798ac730c}</UniqueIdentifier>
    </Filter>
    <Filter Include="Detector">
      <UniqueIdentifier>{bb735cf2-7b69-490a-85a4-9d6506e62877}</UniqueIdentifier>
    </Filter>
    <Filter Include="MatchFeatures">
      <UniqueIdentifier>{064f88e9-6988-40b1-913f-0fb2672421cf}</UniqueIdentifier>
    </Filter>
  </ItemGroup>
  <ItemGroup>
    <None Include="packages.config" />
  </ItemGroup>
  <ItemGroup>
    <ClInclude Include="..\include\calibration.h">
      <Filter>Calib</Filter>
    </ClInclude>
    <ClInclude Include="..\include\ControlDisplayedObjects.h">
      <Filter>ControlDisplayedObjects</Filter>
    </ClInclude>
    <ClInclude Include="..\include\MatchFeatures.h">
      <Filter>MatchFeatures</Filter>
    </ClInclude>
    <ClInclude Include="..\include\TrackingByMatching.h">
      <Filter>TrackingByMatching</Filter>
    </ClInclude>
    <ClInclude Include="..\include\DnnDetector.h">
      <Filter>Detector</Filter>
    </ClInclude>
  </ItemGroup>
</Project>